
Microsoft Visual Studio Solution File, Format Version 12.00
# Visual Studio Version 16
VisualStudioVersion = 16.0.30330.147
MinimumVisualStudioVersion = 10.0.40219.1
Project("{9A19103F-16F7-4668-BE54-9A1E7A4F7556}") = "Elements_of_higher_mathematics", "Elements_of_higher_mathematics\Elements_of_higher_mathematics.csproj", "{6B4FC682-226B-48E8-9FD7-C173CFCDB4D2}"
EndProject
Project("{FAE04EC0-301F-11D3-BF4B-00C04F79EFBC}") = "View", "View\View.csproj", "{14EF3C48-AF1F-4B2F-BFDB-5C9DA11292E7}"
EndProject
Project("{FAE04EC0-301F-11D3-BF4B-00C04F79EFBC}") = "ViewModel", "ViewModel\ViewModel.csproj", "{53B2AFD2-27C9-47A8-BFF7-DC4BB1456206}"
EndProject
Global
	GlobalSection(SolutionConfigurationPlatforms) = preSolution
		Debug|Any CPU = Debug|Any CPU
		Release|Any CPU = Release|Any CPU
	EndGlobalSection
	GlobalSection(ProjectConfigurationPlatforms) = postSolution
		{6B4FC682-226B-48E8-9FD7-C173CFCDB4D2}.Debug|Any CPU.ActiveCfg = Debug|Any CPU
		{6B4FC682-226B-48E8-9FD7-C173CFCDB4D2}.Debug|Any CPU.Build.0 = Debug|Any CPU
		{6B4FC682-226B-48E8-9FD7-C173CFCDB4D2}.Release|Any CPU.ActiveCfg = Release|Any CPU
		{6B4FC682-226B-48E8-9FD7-C173CFCDB4D2}.Release|Any CPU.Build.0 = Release|Any CPU
		{14EF3C48-AF1F-4B2F-BFDB-5C9DA11292E7}.Debug|Any CPU.ActiveCfg = Debug|Any CPU
		{14EF3C48-AF1F-4B2F-BFDB-5C9DA11292E7}.Debug|Any CPU.Build.0 = Debug|Any CPU
		{14EF3C48-AF1F-4B2F-BFDB-5C9DA11292E7}.Release|Any CPU.ActiveCfg = Release|Any CPU
		{14EF3C48-AF1F-4B2F-BFDB-5C9DA11292E7}.Release|Any CPU.Build.0 = Release|Any CPU
		{53B2AFD2-27C9-47A8-BFF7-DC4BB1456206}.Debug|Any CPU.ActiveCfg = Debug|Any CPU
		{53B2AFD2-27C9-47A8-BFF7-DC4BB1456206}.Debug|Any CPU.Build.0 = Debug|Any CPU
		{53B2AFD2-27C9-47A8-BFF7-DC4BB1456206}.Release|Any CPU.ActiveCfg = Release|Any CPU
		{53B2AFD2-27C9-47A8-BFF7-DC4BB1456206}.Release|Any CPU.Build.0 = Release|Any CPU
	EndGlobalSection
	GlobalSection(SolutionProperties) = preSolution
		HideSolutionNode = FALSE
	EndGlobalSection
	GlobalSection(ExtensibilityGlobals) = postSolution
		SolutionGuid = {9584D2FC-A354-4E55-AAC1-D2F13001C968}
	EndGlobalSection
EndGlobal
